// !$*UTF8*$!
{
	archiveVersion = 1;
	classes = {
	};
	objectVersion = 56;
	objects = {

/* Begin PBXBuildFile section */
		02432EB429E24EA9006B8256 /* GoogleMapsView.swift in Sources */ = {isa = PBXBuildFile; fileRef = 02432EB329E24EA9006B8256 /* GoogleMapsView.swift */; };
		02432EB829E27EA3006B8256 /* AppDelegate.swift in Sources */ = {isa = PBXBuildFile; fileRef = 02432EB729E27EA3006B8256 /* AppDelegate.swift */; };
		02C43CFB29DBA70C0009E194 /* OCTranspoBusScheduleApp.swift in Sources */ = {isa = PBXBuildFile; fileRef = 02C43CFA29DBA70C0009E194 /* OCTranspoBusScheduleApp.swift */; };
		02C43CFD29DBA70C0009E194 /* ContentView.swift in Sources */ = {isa = PBXBuildFile; fileRef = 02C43CFC29DBA70C0009E194 /* ContentView.swift */; };
		02C43CFF29DBA70D0009E194 /* Assets.xcassets in Resources */ = {isa = PBXBuildFile; fileRef = 02C43CFE29DBA70D0009E194 /* Assets.xcassets */; };
		02C43D0229DBA70D0009E194 /* Preview Assets.xcassets in Resources */ = {isa = PBXBuildFile; fileRef = 02C43D0129DBA70D0009E194 /* Preview Assets.xcassets */; };
		02C43D0C29DBA70D0009E194 /* OCTranspoBusScheduleTests.swift in Sources */ = {isa = PBXBuildFile; fileRef = 02C43D0B29DBA70D0009E194 /* OCTranspoBusScheduleTests.swift */; };
		02C43D1629DBA70D0009E194 /* OCTranspoBusScheduleUITests.swift in Sources */ = {isa = PBXBuildFile; fileRef = 02C43D1529DBA70D0009E194 /* OCTranspoBusScheduleUITests.swift */; };
		02C43D1829DBA70D0009E194 /* OCTranspoBusScheduleUITestsLaunchTests.swift in Sources */ = {isa = PBXBuildFile; fileRef = 02C43D1729DBA70D0009E194 /* OCTranspoBusScheduleUITestsLaunchTests.swift */; };
		02C43D2729DBA79F0009E194 /* BusSchedule.swift in Sources */ = {isa = PBXBuildFile; fileRef = 02C43D2629DBA79F0009E194 /* BusSchedule.swift */; };
		02C43D2929DBA7C20009E194 /* BusScheduleViewModel.swift in Sources */ = {isa = PBXBuildFile; fileRef = 02C43D2829DBA7C20009E194 /* BusScheduleViewModel.swift */; };
		02C43D2C29DBD7C60009E194 /* LocationManager.swift in Sources */ = {isa = PBXBuildFile; fileRef = 02C43D2B29DBD7C60009E194 /* LocationManager.swift */; };
		02C43D2E29DCBC8C0009E194 /* RoutePlannerView.swift in Sources */ = {isa = PBXBuildFile; fileRef = 02C43D2D29DCBC8C0009E194 /* RoutePlannerView.swift */; };
		02C43D3029DCC0ED0009E194 /* RoutePlannerViewModel.swift in Sources */ = {isa = PBXBuildFile; fileRef = 02C43D2F29DCC0ED0009E194 /* RoutePlannerViewModel.swift */; };
		02C43D3629E118010009E194 /* HomeView2.swift in Sources */ = {isa = PBXBuildFile; fileRef = 02C43D3529E118010009E194 /* HomeView2.swift */; };
		02C43D3829E1198C0009E194 /* MainTabView.swift in Sources */ = {isa = PBXBuildFile; fileRef = 02C43D3729E1198C0009E194 /* MainTabView.swift */; };
		10CDF87DA881F0D40DD97106 /* Pods_OCTranspoBusSchedule_OCTranspoBusScheduleUITests.framework in Frameworks */ = {isa = PBXBuildFile; fileRef = 918C3FE00D604F4EFF577C7E /* Pods_OCTranspoBusSchedule_OCTranspoBusScheduleUITests.framework */; };
		1FC1FEC71E2867ED159DCB75 /* Pods_OCTranspoBusSchedule.framework in Frameworks */ = {isa = PBXBuildFile; fileRef = 4D7B15C38F24B804094D216C /* Pods_OCTranspoBusSchedule.framework */; };
		3390AA8C8450F0990AC00F07 /* Pods_OCTranspoBusScheduleTests.framework in Frameworks */ = {isa = PBXBuildFile; fileRef = 8D01C9C9450E07DAFE58F886 /* Pods_OCTranspoBusScheduleTests.framework */; };
/* End PBXBuildFile section */

/* Begin PBXContainerItemProxy section */
		02C43D0829DBA70D0009E194 /* PBXContainerItemProxy */ = {
			isa = PBXContainerItemProxy;
			containerPortal = 02C43CEF29DBA70C0009E194 /* Project object */;
			proxyType = 1;
			remoteGlobalIDString = 02C43CF629DBA70C0009E194;
			remoteInfo = OCTranspoBusSchedule;
		};
		02C43D1229DBA70D0009E194 /* PBXContainerItemProxy */ = {
			isa = PBXContainerItemProxy;
			containerPortal = 02C43CEF29DBA70C0009E194 /* Project object */;
			proxyType = 1;
			remoteGlobalIDString = 02C43CF629DBA70C0009E194;
			remoteInfo = OCTranspoBusSchedule;
		};
/* End PBXContainerItemProxy section */

/* Begin PBXFileReference section */
		02432EB329E24EA9006B8256 /* GoogleMapsView.swift */ = {isa = PBXFileReference; lastKnownFileType = sourcecode.swift; path = GoogleMapsView.swift; sourceTree = "<group>"; };
		02432EB729E27EA3006B8256 /* AppDelegate.swift */ = {isa = PBXFileReference; lastKnownFileType = sourcecode.swift; path = AppDelegate.swift; sourceTree = "<group>"; };
		02C43CF729DBA70C0009E194 /* OCTranspoBusSchedule.app */ = {isa = PBXFileReference; explicitFileType = wrapper.application; includeInIndex = 0; path = OCTranspoBusSchedule.app; sourceTree = BUILT_PRODUCTS_DIR; };
		02C43CFA29DBA70C0009E194 /* OCTranspoBusScheduleApp.swift */ = {isa = PBXFileReference; lastKnownFileType = sourcecode.swift; path = OCTranspoBusScheduleApp.swift; sourceTree = "<group>"; };
		02C43CFC29DBA70C0009E194 /* ContentView.swift */ = {isa = PBXFileReference; lastKnownFileType = sourcecode.swift; path = ContentView.swift; sourceTree = "<group>"; };
		02C43CFE29DBA70D0009E194 /* Assets.xcassets */ = {isa = PBXFileReference; lastKnownFileType = folder.assetcatalog; path = Assets.xcassets; sourceTree = "<group>"; };
		02C43D0129DBA70D0009E194 /* Preview Assets.xcassets */ = {isa = PBXFileReference; lastKnownFileType = folder.assetcatalog; path = "Preview Assets.xcassets"; sourceTree = "<group>"; };
		02C43D0729DBA70D0009E194 /* OCTranspoBusScheduleTests.xctest */ = {isa = PBXFileReference; explicitFileType = wrapper.cfbundle; includeInIndex = 0; path = OCTranspoBusScheduleTests.xctest; sourceTree = BUILT_PRODUCTS_DIR; };
		02C43D0B29DBA70D0009E194 /* OCTranspoBusScheduleTests.swift */ = {isa = PBXFileReference; lastKnownFileType = sourcecode.swift; path = OCTranspoBusScheduleTests.swift; sourceTree = "<group>"; };
		02C43D1129DBA70D0009E194 /* OCTranspoBusScheduleUITests.xctest */ = {isa = PBXFileReference; explicitFileType = wrapper.cfbundle; includeInIndex = 0; path = OCTranspoBusScheduleUITests.xctest; sourceTree = BUILT_PRODUCTS_DIR; };
		02C43D1529DBA70D0009E194 /* OCTranspoBusScheduleUITests.swift */ = {isa = PBXFileReference; lastKnownFileType = sourcecode.swift; path = OCTranspoBusScheduleUITests.swift; sourceTree = "<group>"; };
		02C43D1729DBA70D0009E194 /* OCTranspoBusScheduleUITestsLaunchTests.swift */ = {isa = PBXFileReference; lastKnownFileType = sourcecode.swift; path = OCTranspoBusScheduleUITestsLaunchTests.swift; sourceTree = "<group>"; };
		02C43D2629DBA79F0009E194 /* BusSchedule.swift */ = {isa = PBXFileReference; lastKnownFileType = sourcecode.swift; path = BusSchedule.swift; sourceTree = "<group>"; };
		02C43D2829DBA7C20009E194 /* BusScheduleViewModel.swift */ = {isa = PBXFileReference; lastKnownFileType = sourcecode.swift; path = BusScheduleViewModel.swift; sourceTree = "<group>"; };
		02C43D2A29DBA8B20009E194 /* Info.plist */ = {isa = PBXFileReference; lastKnownFileType = text.plist; path = Info.plist; sourceTree = "<group>"; };
		02C43D2B29DBD7C60009E194 /* LocationManager.swift */ = {isa = PBXFileReference; lastKnownFileType = sourcecode.swift; path = LocationManager.swift; sourceTree = "<group>"; };
		02C43D2D29DCBC8C0009E194 /* RoutePlannerView.swift */ = {isa = PBXFileReference; lastKnownFileType = sourcecode.swift; path = RoutePlannerView.swift; sourceTree = "<group>"; };
		02C43D2F29DCC0ED0009E194 /* RoutePlannerViewModel.swift */ = {isa = PBXFileReference; lastKnownFileType = sourcecode.swift; path = RoutePlannerViewModel.swift; sourceTree = "<group>"; };
		02C43D3529E118010009E194 /* HomeView2.swift */ = {isa = PBXFileReference; lastKnownFileType = sourcecode.swift; path = HomeView2.swift; sourceTree = "<group>"; };
		02C43D3729E1198C0009E194 /* MainTabView.swift */ = {isa = PBXFileReference; lastKnownFileType = sourcecode.swift; path = MainTabView.swift; sourceTree = "<group>"; };
		0339BDC752897DCC9BD4B623 /* Pods-OCTranspoBusSchedule.debug.xcconfig */ = {isa = PBXFileReference; includeInIndex = 1; lastKnownFileType = text.xcconfig; name = "Pods-OCTranspoBusSchedule.debug.xcconfig"; path = "Target Support Files/Pods-OCTranspoBusSchedule/Pods-OCTranspoBusSchedule.debug.xcconfig"; sourceTree = "<group>"; };
		19499D908AC7A17CB7A3DA6F /* Pods-OCTranspoBusSchedule.release.xcconfig */ = {isa = PBXFileReference; includeInIndex = 1; lastKnownFileType = text.xcconfig; name = "Pods-OCTranspoBusSchedule.release.xcconfig"; path = "Target Support Files/Pods-OCTranspoBusSchedule/Pods-OCTranspoBusSchedule.release.xcconfig"; sourceTree = "<group>"; };
		4D7B15C38F24B804094D216C /* Pods_OCTranspoBusSchedule.framework */ = {isa = PBXFileReference; explicitFileType = wrapper.framework; includeInIndex = 0; path = Pods_OCTranspoBusSchedule.framework; sourceTree = BUILT_PRODUCTS_DIR; };
		59825D516D548D1D8B58C3BA /* Pods-OCTranspoBusSchedule-OCTranspoBusScheduleUITests.debug.xcconfig */ = {isa = PBXFileReference; includeInIndex = 1; lastKnownFileType = text.xcconfig; name = "Pods-OCTranspoBusSchedule-OCTranspoBusScheduleUITests.debug.xcconfig"; path = "Target Support Files/Pods-OCTranspoBusSchedule-OCTranspoBusScheduleUITests/Pods-OCTranspoBusSchedule-OCTranspoBusScheduleUITests.debug.xcconfig"; sourceTree = "<group>"; };
		8D01C9C9450E07DAFE58F886 /* Pods_OCTranspoBusScheduleTests.framework */ = {isa = PBXFileReference; explicitFileType = wrapper.framework; includeInIndex = 0; path = Pods_OCTranspoBusScheduleTests.framework; sourceTree = BUILT_PRODUCTS_DIR; };
		918C3FE00D604F4EFF577C7E /* Pods_OCTranspoBusSchedule_OCTranspoBusScheduleUITests.framework */ = {isa = PBXFileReference; explicitFileType = wrapper.framework; includeInIndex = 0; path = Pods_OCTranspoBusSchedule_OCTranspoBusScheduleUITests.framework; sourceTree = BUILT_PRODUCTS_DIR; };
		E6A4F1E4011B2DD6D4E68162 /* Pods-OCTranspoBusSchedule-OCTranspoBusScheduleUITests.release.xcconfig */ = {isa = PBXFileReference; includeInIndex = 1; lastKnownFileType = text.xcconfig; name = "Pods-OCTranspoBusSchedule-OCTranspoBusScheduleUITests.release.xcconfig"; path = "Target Support Files/Pods-OCTranspoBusSchedule-OCTranspoBusScheduleUITests/Pods-OCTranspoBusSchedule-OCTranspoBusScheduleUITests.release.xcconfig"; sourceTree = "<group>"; };
		E7BCC739C427E64E9BE4512F /* Pods-OCTranspoBusScheduleTests.release.xcconfig */ = {isa = PBXFileReference; includeInIndex = 1; lastKnownFileType = text.xcconfig; name = "Pods-OCTranspoBusScheduleTests.release.xcconfig"; path = "Target Support Files/Pods-OCTranspoBusScheduleTests/Pods-OCTranspoBusScheduleTests.release.xcconfig"; sourceTree = "<group>"; };
		F7C908480A54C017307B4F06 /* Pods-OCTranspoBusScheduleTests.debug.xcconfig */ = {isa = PBXFileReference; includeInIndex = 1; lastKnownFileType = text.xcconfig; name = "Pods-OCTranspoBusScheduleTests.debug.xcconfig"; path = "Target Support Files/Pods-OCTranspoBusScheduleTests/Pods-OCTranspoBusScheduleTests.debug.xcconfig"; sourceTree = "<group>"; };
/* End PBXFileReference section */

/* Begin PBXFrameworksBuildPhase section */
		02C43CF429DBA70C0009E194 /* Frameworks */ = {
			isa = PBXFrameworksBuildPhase;
			buildActionMask = 2147483647;
			files = (
				1FC1FEC71E2867ED159DCB75 /* Pods_OCTranspoBusSchedule.framework in Frameworks */,
			);
			runOnlyForDeploymentPostprocessing = 0;
		};
		02C43D0429DBA70D0009E194 /* Frameworks */ = {
			isa = PBXFrameworksBuildPhase;
			buildActionMask = 2147483647;
			files = (
				3390AA8C8450F0990AC00F07 /* Pods_OCTranspoBusScheduleTests.framework in Frameworks */,
			);
			runOnlyForDeploymentPostprocessing = 0;
		};
		02C43D0E29DBA70D0009E194 /* Frameworks */ = {
			isa = PBXFrameworksBuildPhase;
			buildActionMask = 2147483647;
			files = (
				10CDF87DA881F0D40DD97106 /* Pods_OCTranspoBusSchedule_OCTranspoBusScheduleUITests.framework in Frameworks */,
			);
			runOnlyForDeploymentPostprocessing = 0;
		};
/* End PBXFrameworksBuildPhase section */

/* Begin PBXGroup section */
		02C43CEE29DBA70C0009E194 = {
			isa = PBXGroup;
			children = (
				02C43CF929DBA70C0009E194 /* OCTranspoBusSchedule */,
				02C43D0A29DBA70D0009E194 /* OCTranspoBusScheduleTests */,
				02C43D1429DBA70D0009E194 /* OCTranspoBusScheduleUITests */,
				02C43CF829DBA70C0009E194 /* Products */,
				7DE3686A5D9EE2EB1E09BFDB /* Pods */,
				184A0B845FF713FC6D29C46E /* Frameworks */,
			);
			sourceTree = "<group>";
		};
		02C43CF829DBA70C0009E194 /* Products */ = {
			isa = PBXGroup;
			children = (
				02C43CF729DBA70C0009E194 /* OCTranspoBusSchedule.app */,
				02C43D0729DBA70D0009E194 /* OCTranspoBusScheduleTests.xctest */,
				02C43D1129DBA70D0009E194 /* OCTranspoBusScheduleUITests.xctest */,
			);
			name = Products;
			sourceTree = "<group>";
		};
		02C43CF929DBA70C0009E194 /* OCTranspoBusSchedule */ = {
			isa = PBXGroup;
			children = (
				02C43D2A29DBA8B20009E194 /* Info.plist */,
				02C43CFA29DBA70C0009E194 /* OCTranspoBusScheduleApp.swift */,
				02432EB729E27EA3006B8256 /* AppDelegate.swift */,
				02C43D3729E1198C0009E194 /* MainTabView.swift */,
				02C43D3529E118010009E194 /* HomeView2.swift */,
				02C43D2D29DCBC8C0009E194 /* RoutePlannerView.swift */,
				02432EB329E24EA9006B8256 /* GoogleMapsView.swift */,
				02C43D2F29DCC0ED0009E194 /* RoutePlannerViewModel.swift */,
				02C43D2629DBA79F0009E194 /* BusSchedule.swift */,
				02C43D2829DBA7C20009E194 /* BusScheduleViewModel.swift */,
				02C43CFC29DBA70C0009E194 /* ContentView.swift */,
				02C43D2B29DBD7C60009E194 /* LocationManager.swift */,
				02C43CFE29DBA70D0009E194 /* Assets.xcassets */,
				02C43D0029DBA70D0009E194 /* Preview Content */,
			);
			path = OCTranspoBusSchedule;
			sourceTree = "<group>";
		};
		02C43D0029DBA70D0009E194 /* Preview Content */ = {
			isa = PBXGroup;
			children = (
				02C43D0129DBA70D0009E194 /* Preview Assets.xcassets */,
			);
			path = "Preview Content";
			sourceTree = "<group>";
		};
		02C43D0A29DBA70D0009E194 /* OCTranspoBusScheduleTests */ = {
			isa = PBXGroup;
			children = (
				02C43D0B29DBA70D0009E194 /* OCTranspoBusScheduleTests.swift */,
			);
			path = OCTranspoBusScheduleTests;
			sourceTree = "<group>";
		};
		02C43D1429DBA70D0009E194 /* OCTranspoBusScheduleUITests */ = {
			isa = PBXGroup;
			children = (
				02C43D1529DBA70D0009E194 /* OCTranspoBusScheduleUITests.swift */,
				02C43D1729DBA70D0009E194 /* OCTranspoBusScheduleUITestsLaunchTests.swift */,
			);
			path = OCTranspoBusScheduleUITests;
			sourceTree = "<group>";
		};
		184A0B845FF713FC6D29C46E /* Frameworks */ = {
			isa = PBXGroup;
			children = (
				4D7B15C38F24B804094D216C /* Pods_OCTranspoBusSchedule.framework */,
				918C3FE00D604F4EFF577C7E /* Pods_OCTranspoBusSchedule_OCTranspoBusScheduleUITests.framework */,
				8D01C9C9450E07DAFE58F886 /* Pods_OCTranspoBusScheduleTests.framework */,
			);
			name = Frameworks;
			sourceTree = "<group>";
		};
		7DE3686A5D9EE2EB1E09BFDB /* Pods */ = {
			isa = PBXGroup;
			children = (
				0339BDC752897DCC9BD4B623 /* Pods-OCTranspoBusSchedule.debug.xcconfig */,
				19499D908AC7A17CB7A3DA6F /* Pods-OCTranspoBusSchedule.release.xcconfig */,
				59825D516D548D1D8B58C3BA /* Pods-OCTranspoBusSchedule-OCTranspoBusScheduleUITests.debug.xcconfig */,
				E6A4F1E4011B2DD6D4E68162 /* Pods-OCTranspoBusSchedule-OCTranspoBusScheduleUITests.release.xcconfig */,
				F7C908480A54C017307B4F06 /* Pods-OCTranspoBusScheduleTests.debug.xcconfig */,
				E7BCC739C427E64E9BE4512F /* Pods-OCTranspoBusScheduleTests.release.xcconfig */,
			);
			path = Pods;
			sourceTree = "<group>";
		};
/* End PBXGroup section */

/* Begin PBXNativeTarget section */
		02C43CF629DBA70C0009E194 /* OCTranspoBusSchedule */ = {
			isa = PBXNativeTarget;
			buildConfigurationList = 02C43D1B29DBA70D0009E194 /* Build configuration list for PBXNativeTarget "OCTranspoBusSchedule" */;
			buildPhases = (
				A20BA13205E1716E2476FCBD /* [CP] Check Pods Manifest.lock */,
				02C43CF329DBA70C0009E194 /* Sources */,
				02C43CF429DBA70C0009E194 /* Frameworks */,
				02C43CF529DBA70C0009E194 /* Resources */,
				64B42BF9979D23A8EF2FB034 /* [CP] Copy Pods Resources */,
				11E2CCF6817144A464395875 /* [CP] Embed Pods Frameworks */,
			);
			buildRules = (
			);
			dependencies = (
			);
			name = OCTranspoBusSchedule;
			productName = OCTranspoBusSchedule;
			productReference = 02C43CF729DBA70C0009E194 /* OCTranspoBusSchedule.app */;
			productType = "com.apple.product-type.application";
		};
		02C43D0629DBA70D0009E194 /* OCTranspoBusScheduleTests */ = {
			isa = PBXNativeTarget;
			buildConfigurationList = 02C43D1E29DBA70D0009E194 /* Build configuration list for PBXNativeTarget "OCTranspoBusScheduleTests" */;
			buildPhases = (
				5FEC34FF9193017C91014984 /* [CP] Check Pods Manifest.lock */,
				02C43D0329DBA70D0009E194 /* Sources */,
				02C43D0429DBA70D0009E194 /* Frameworks */,
				02C43D0529DBA70D0009E194 /* Resources */,
			);
			buildRules = (
			);
			dependencies = (
				02C43D0929DBA70D0009E194 /* PBXTargetDependency */,
			);
			name = OCTranspoBusScheduleTests;
			productName = OCTranspoBusScheduleTests;
			productReference = 02C43D0729DBA70D0009E194 /* OCTranspoBusScheduleTests.xctest */;
			productType = "com.apple.product-type.bundle.unit-test";
		};
		02C43D1029DBA70D0009E194 /* OCTranspoBusScheduleUITests */ = {
			isa = PBXNativeTarget;
			buildConfigurationList = 02C43D2129DBA70D0009E194 /* Build configuration list for PBXNativeTarget "OCTranspoBusScheduleUITests" */;
			buildPhases = (
				8A1B5C230ADBCAFF1ED28C24 /* [CP] Check Pods Manifest.lock */,
				02C43D0D29DBA70D0009E194 /* Sources */,
				02C43D0E29DBA70D0009E194 /* Frameworks */,
				02C43D0F29DBA70D0009E194 /* Resources */,
				F53BB2D9FC698707BE603553 /* [CP] Copy Pods Resources */,
				412438370F9720349133E4BB /* [CP] Embed Pods Frameworks */,
			);
			buildRules = (
			);
			dependencies = (
				02C43D1329DBA70D0009E194 /* PBXTargetDependency */,
			);
			name = OCTranspoBusScheduleUITests;
			productName = OCTranspoBusScheduleUITests;
			productReference = 02C43D1129DBA70D0009E194 /* OCTranspoBusScheduleUITests.xctest */;
			productType = "com.apple.product-type.bundle.ui-testing";
		};
/* End PBXNativeTarget section */

/* Begin PBXProject section */
		02C43CEF29DBA70C0009E194 /* Project object */ = {
			isa = PBXProject;
			attributes = {
				BuildIndependentTargetsInParallel = 1;
				LastSwiftUpdateCheck = 1430;
				LastUpgradeCheck = 1430;
				TargetAttributes = {
					02C43CF629DBA70C0009E194 = {
						CreatedOnToolsVersion = 14.3;
					};
					02C43D0629DBA70D0009E194 = {
						CreatedOnToolsVersion = 14.3;
						TestTargetID = 02C43CF629DBA70C0009E194;
					};
					02C43D1029DBA70D0009E194 = {
						CreatedOnToolsVersion = 14.3;
						TestTargetID = 02C43CF629DBA70C0009E194;
					};
				};
			};
			buildConfigurationList = 02C43CF229DBA70C0009E194 /* Build configuration list for PBXProject "OCTranspoBusSchedule" */;
			compatibilityVersion = "Xcode 14.0";
			developmentRegion = en;
			hasScannedForEncodings = 0;
			knownRegions = (
				en,
				Base,
			);
			mainGroup = 02C43CEE29DBA70C0009E194;
			productRefGroup = 02C43CF829DBA70C0009E194 /* Products */;
			projectDirPath = "";
			projectRoot = "";
			targets = (
				02C43CF629DBA70C0009E194 /* OCTranspoBusSchedule */,
				02C43D0629DBA70D0009E194 /* OCTranspoBusScheduleTests */,
				02C43D1029DBA70D0009E194 /* OCTranspoBusScheduleUITests */,
			);
		};
/* End PBXProject section */

/* Begin PBXResourcesBuildPhase section */
		02C43CF529DBA70C0009E194 /* Resources */ = {
			isa = PBXResourcesBuildPhase;
			buildActionMask = 2147483647;
			files = (
				02C43D0229DBA70D0009E194 /* Preview Assets.xcassets in Resources */,
				02C43CFF29DBA70D0009E194 /* Assets.xcassets in Resources */,
			);
			runOnlyForDeploymentPostprocessing = 0;
		};
		02C43D0529DBA70D0009E194 /* Resources */ = {
			isa = PBXResourcesBuildPhase;
			buildActionMask = 2147483647;
			files = (
			);
			runOnlyForDeploymentPostprocessing = 0;
		};
		02C43D0F29DBA70D0009E194 /* Resources */ = {
			isa = PBXResourcesBuildPhase;
			buildActionMask = 2147483647;
			files = (
			);
			runOnlyForDeploymentPostprocessing = 0;
		};
/* End PBXResourcesBuildPhase section */

/* Begin PBXShellScriptBuildPhase section */
		11E2CCF6817144A464395875 /* [CP] Embed Pods Frameworks */ = {
			isa = PBXShellScriptBuildPhase;
			buildActionMask = 2147483647;
			files = (
			);
			inputFileListPaths = (
				"${PODS_ROOT}/Target Support Files/Pods-OCTranspoBusSchedule/Pods-OCTranspoBusSchedule-frameworks-${CONFIGURATION}-input-files.xcfilelist",
			);
			name = "[CP] Embed Pods Frameworks";
			outputFileListPaths = (
				"${PODS_ROOT}/Target Support Files/Pods-OCTranspoBusSchedule/Pods-OCTranspoBusSchedule-frameworks-${CONFIGURATION}-output-files.xcfilelist",
			);
			runOnlyForDeploymentPostprocessing = 0;
			shellPath = /bin/sh;
			shellScript = "\"${PODS_ROOT}/Target Support Files/Pods-OCTranspoBusSchedule/Pods-OCTranspoBusSchedule-frameworks.sh\"\n";
			showEnvVarsInLog = 0;
		};
		412438370F9720349133E4BB /* [CP] Embed Pods Frameworks */ = {
			isa = PBXShellScriptBuildPhase;
			buildActionMask = 2147483647;
			files = (
			);
			inputFileListPaths = (
				"${PODS_ROOT}/Target Support Files/Pods-OCTranspoBusSchedule-OCTranspoBusScheduleUITests/Pods-OCTranspoBusSchedule-OCTranspoBusScheduleUITests-frameworks-${CONFIGURATION}-input-files.xcfilelist",
			);
			name = "[CP] Embed Pods Frameworks";
			outputFileListPaths = (
				"${PODS_ROOT}/Target Support Files/Pods-OCTranspoBusSchedule-OCTranspoBusScheduleUITests/Pods-OCTranspoBusSchedule-OCTranspoBusScheduleUITests-frameworks-${CONFIGURATION}-output-files.xcfilelist",
			);
			runOnlyForDeploymentPostprocessing = 0;
			shellPath = /bin/sh;
			shellScript = "\"${PODS_ROOT}/Target Support Files/Pods-OCTranspoBusSchedule-OCTranspoBusScheduleUITests/Pods-OCTranspoBusSchedule-OCTranspoBusScheduleUITests-frameworks.sh\"\n";
			showEnvVarsInLog = 0;
		};
		5FEC34FF9193017C91014984 /* [CP] Check Pods Manifest.lock */ = {
			isa = PBXShellScriptBuildPhase;
			buildActionMask = 2147483647;
			files = (
			);
			inputFileListPaths = (
			);
			inputPaths = (
				"${PODS_PODFILE_DIR_PATH}/Podfile.lock",
				"${PODS_ROOT}/Manifest.lock",
			);
			name = "[CP] Check Pods Manifest.lock";
			outputFileListPaths = (
			);
			outputPaths = (
				"$(DERIVED_FILE_DIR)/Pods-OCTranspoBusScheduleTests-checkManifestLockResult.txt",
			);
			runOnlyForDeploymentPostprocessing = 0;
			shellPath = /bin/sh;
			shellScript = "diff \"${PODS_PODFILE_DIR_PATH}/Podfile.lock\" \"${PODS_ROOT}/Manifest.lock\" > /dev/null\nif [ $? != 0 ] ; then\n    # print error to STDERR\n    echo \"error: The sandbox is not in sync with the Podfile.lock. Run 'pod install' or update your CocoaPods installation.\" >&2\n    exit 1\nfi\n# This output is used by Xcode 'outputs' to avoid re-running this script phase.\necho \"SUCCESS\" > \"${SCRIPT_OUTPUT_FILE_0}\"\n";
			showEnvVarsInLog = 0;
		};
		64B42BF9979D23A8EF2FB034 /* [CP] Copy Pods Resources */ = {
			isa = PBXShellScriptBuildPhase;
			buildActionMask = 2147483647;
			files = (
			);
			inputFileListPaths = (
				"${PODS_ROOT}/Target Support Files/Pods-OCTranspoBusSchedule/Pods-OCTranspoBusSchedule-resources-${CONFIGURATION}-input-files.xcfilelist",
			);
			name = "[CP] Copy Pods Resources";
			outputFileListPaths = (
				"${PODS_ROOT}/Target Support Files/Pods-OCTranspoBusSchedule/Pods-OCTranspoBusSchedule-resources-${CONFIGURATION}-output-files.xcfilelist",
			);
			runOnlyForDeploymentPostprocessing = 0;
			shellPath = /bin/sh;
			shellScript = "\"${PODS_ROOT}/Target Support Files/Pods-OCTranspoBusSchedule/Pods-OCTranspoBusSchedule-resources.sh\"\n";
			showEnvVarsInLog = 0;
		};
		8A1B5C230ADBCAFF1ED28C24 /* [CP] Check Pods Manifest.lock */ = {
			isa = PBXShellScriptBuildPhase;
			buildActionMask = 2147483647;
			files = (
			);
			inputFileListPaths = (
			);
			inputPaths = (
				"${PODS_PODFILE_DIR_PATH}/Podfile.lock",
				"${PODS_ROOT}/Manifest.lock",
			);
			name = "[CP] Check Pods Manifest.lock";
			outputFileListPaths = (
			);
			outputPaths = (
				"$(DERIVED_FILE_DIR)/Pods-OCTranspoBusSchedule-OCTranspoBusScheduleUITests-checkManifestLockResult.txt",
			);
			runOnlyForDeploymentPostprocessing = 0;
			shellPath = /bin/sh;
			shellScript = "diff \"${PODS_PODFILE_DIR_PATH}/Podfile.lock\" \"${PODS_ROOT}/Manifest.lock\" > /dev/null\nif [ $? != 0 ] ; then\n    # print error to STDERR\n    echo \"error: The sandbox is not in sync with the Podfile.lock. Run 'pod install' or update your CocoaPods installation.\" >&2\n    exit 1\nfi\n# This output is used by Xcode 'outputs' to avoid re-running this script phase.\necho \"SUCCESS\" > \"${SCRIPT_OUTPUT_FILE_0}\"\n";
			showEnvVarsInLog = 0;
		};
		A20BA13205E1716E2476FCBD /* [CP] Check Pods Manifest.lock */ = {
			isa = PBXShellScriptBuildPhase;
			buildActionMask = 2147483647;
			files = (
			);
			inputFileListPaths = (
			);
			inputPaths = (
				"${PODS_PODFILE_DIR_PATH}/Podfile.lock",
				"${PODS_ROOT}/Manifest.lock",
			);
			name = "[CP] Check Pods Manifest.lock";
			outputFileListPaths = (
			);
			outputPaths = (
				"$(DERIVED_FILE_DIR)/Pods-OCTranspoBusSchedule-checkManifestLockResult.txt",
			);
			runOnlyForDeploymentPostprocessing = 0;
			shellPath = /bin/sh;
			shellScript = "diff \"${PODS_PODFILE_DIR_PATH}/Podfile.lock\" \"${PODS_ROOT}/Manifest.lock\" > /dev/null\nif [ $? != 0 ] ; then\n    # print error to STDERR\n    echo \"error: The sandbox is not in sync with the Podfile.lock. Run 'pod install' or update your CocoaPods installation.\" >&2\n    exit 1\nfi\n# This output is used by Xcode 'outputs' to avoid re-running this script phase.\necho \"SUCCESS\" > \"${SCRIPT_OUTPUT_FILE_0}\"\n";
			showEnvVarsInLog = 0;
		};
		F53BB2D9FC698707BE603553 /* [CP] Copy Pods Resources */ = {
			isa = PBXShellScriptBuildPhase;
			buildActionMask = 2147483647;
			files = (
			);
			inputFileListPaths = (
				"${PODS_ROOT}/Target Support Files/Pods-OCTranspoBusSchedule-OCTranspoBusScheduleUITests/Pods-OCTranspoBusSchedule-OCTranspoBusScheduleUITests-resources-${CONFIGURATION}-input-files.xcfilelist",
			);
			name = "[CP] Copy Pods Resources";
			outputFileListPaths = (
				"${PODS_ROOT}/Target Support Files/Pods-OCTranspoBusSchedule-OCTranspoBusScheduleUITests/Pods-OCTranspoBusSchedule-OCTranspoBusScheduleUITests-resources-${CONFIGURATION}-output-files.xcfilelist",
			);
			runOnlyForDeploymentPostprocessing = 0;
			shellPath = /bin/sh;
			shellScript = "\"${PODS_ROOT}/Target Support Files/Pods-OCTranspoBusSchedule-OCTranspoBusScheduleUITests/Pods-OCTranspoBusSchedule-OCTranspoBusScheduleUITests-resources.sh\"\n";
			showEnvVarsInLog = 0;
		};
/* End PBXShellScriptBuildPhase section */

/* Begin PBXSourcesBuildPhase section */
		02C43CF329DBA70C0009E194 /* Sources */ = {
			isa = PBXSourcesBuildPhase;
			buildActionMask = 2147483647;
			files = (
				02432EB829E27EA3006B8256 /* AppDelegate.swift in Sources */,
				02C43D3029DCC0ED0009E194 /* RoutePlannerViewModel.swift in Sources */,
				02C43D2929DBA7C20009E194 /* BusScheduleViewModel.swift in Sources */,
				02C43D2E29DCBC8C0009E194 /* RoutePlannerView.swift in Sources */,
				02C43CFD29DBA70C0009E194 /* ContentView.swift in Sources */,
				02C43D2C29DBD7C60009E194 /* LocationManager.swift in Sources */,
				02C43D3629E118010009E194 /* HomeView2.swift in Sources */,
				02432EB429E24EA9006B8256 /* GoogleMapsView.swift in Sources */,
				02C43D2729DBA79F0009E194 /* BusSchedule.swift in Sources */,
				02C43CFB29DBA70C0009E194 /* OCTranspoBusScheduleApp.swift in Sources */,
				02C43D3829E1198C0009E194 /* MainTabView.swift in Sources */,
			);
			runOnlyForDeploymentPostprocessing = 0;
		};
		02C43D0329DBA70D0009E194 /* Sources */ = {
			isa = PBXSourcesBuildPhase;
			buildActionMask = 2147483647;
			files = (
				02C43D0C29DBA70D0009E194 /* OCTranspoBusScheduleTests.swift in Sources */,
			);
			runOnlyForDeploymentPostprocessing = 0;
		};
		02C43D0D29DBA70D0009E194 /* Sources */ = {
			isa = PBXSourcesBuildPhase;
			buildActionMask = 2147483647;
			files = (
				02C43D1829DBA70D0009E194 /* OCTranspoBusScheduleUITestsLaunchTests.swift in Sources */,
				02C43D1629DBA70D0009E194 /* OCTranspoBusScheduleUITests.swift in Sources */,
			);
			runOnlyForDeploymentPostprocessing = 0;
		};
/* End PBXSourcesBuildPhase section */

/* Begin PBXTargetDependency section */
		02C43D0929DBA70D0009E194 /* PBXTargetDependency */ = {
			isa = PBXTargetDependency;
			target = 02C43CF629DBA70C0009E194 /* OCTranspoBusSchedule */;
			targetProxy = 02C43D0829DBA70D0009E194 /* PBXContainerItemProxy */;
		};
		02C43D1329DBA70D0009E194 /* PBXTargetDependency */ = {
			isa = PBXTargetDependency;
			target = 02C43CF629DBA70C0009E194 /* OCTranspoBusSchedule */;
			targetProxy = 02C43D1229DBA70D0009E194 /* PBXContainerItemProxy */;
		};
/* End PBXTargetDependency section */

/* Begin XCBuildConfiguration section */
		02C43D1929DBA70D0009E194 /* Debug */ = {
			isa = XCBuildConfiguration;
			buildSettings = {
				ALWAYS_SEARCH_USER_PATHS = NO;
				CLANG_ANALYZER_NONNULL = YES;
				CLANG_ANALYZER_NUMBER_OBJECT_CONVERSION = YES_AGGRESSIVE;
				CLANG_CXX_LANGUAGE_STANDARD = "gnu++20";
				CLANG_ENABLE_MODULES = YES;
				CLANG_ENABLE_OBJC_ARC = YES;
				CLANG_ENABLE_OBJC_WEAK = YES;
				CLANG_WARN_BLOCK_CAPTURE_AUTORELEASING = YES;
				CLANG_WARN_BOOL_CONVERSION = YES;
				CLANG_WARN_COMMA = YES;
				CLANG_WARN_CONSTANT_CONVERSION = YES;
				CLANG_WARN_DEPRECATED_OBJC_IMPLEMENTATIONS = YES;
				CLANG_WARN_DIRECT_OBJC_ISA_USAGE = YES_ERROR;
				CLANG_WARN_DOCUMENTATION_COMMENTS = YES;
				CLANG_WARN_EMPTY_BODY = YES;
				CLANG_WARN_ENUM_CONVERSION = YES;
				CLANG_WARN_INFINITE_RECURSION = YES;
				CLANG_WARN_INT_CONVERSION = YES;
				CLANG_WARN_NON_LITERAL_NULL_CONVERSION = YES;
				CLANG_WARN_OBJC_IMPLICIT_RETAIN_SELF = YES;
				CLANG_WARN_OBJC_LITERAL_CONVERSION = YES;
				CLANG_WARN_OBJC_ROOT_CLASS = YES_ERROR;
				CLANG_WARN_QUOTED_INCLUDE_IN_FRAMEWORK_HEADER = YES;
				CLANG_WARN_RANGE_LOOP_ANALYSIS = YES;
				CLANG_WARN_STRICT_PROTOTYPES = YES;
				CLANG_WARN_SUSPICIOUS_MOVE = YES;
				CLANG_WARN_UNGUARDED_AVAILABILITY = YES_AGGRESSIVE;
				CLANG_WARN_UNREACHABLE_CODE = YES;
				CLANG_WARN__DUPLICATE_METHOD_MATCH = YES;
				COPY_PHASE_STRIP = NO;
				DEBUG_INFORMATION_FORMAT = dwarf;
				ENABLE_STRICT_OBJC_MSGSEND = YES;
				ENABLE_TESTABILITY = YES;
				GCC_C_LANGUAGE_STANDARD = gnu11;
				GCC_DYNAMIC_NO_PIC = NO;
				GCC_NO_COMMON_BLOCKS = YES;
				GCC_OPTIMIZATION_LEVEL = 0;
				GCC_PREPROCESSOR_DEFINITIONS = (
					"DEBUG=1",
					"$(inherited)",
				);
				GCC_WARN_64_TO_32_BIT_CONVERSION = YES;
				GCC_WARN_ABOUT_RETURN_TYPE = YES_ERROR;
				GCC_WARN_UNDECLARED_SELECTOR = YES;
				GCC_WARN_UNINITIALIZED_AUTOS = YES_AGGRESSIVE;
				GCC_WARN_UNUSED_FUNCTION = YES;
				GCC_WARN_UNUSED_VARIABLE = YES;
				IPHONEOS_DEPLOYMENT_TARGET = 16.4;
				MTL_ENABLE_DEBUG_INFO = INCLUDE_SOURCE;
				MTL_FAST_MATH = YES;
				ONLY_ACTIVE_ARCH = YES;
				SDKROOT = iphoneos;
				SWIFT_ACTIVE_COMPILATION_CONDITIONS = DEBUG;
				SWIFT_OPTIMIZATION_LEVEL = "-Onone";
			};
			name = Debug;
		};
		02C43D1A29DBA70D0009E194 /* Release */ = {
			isa = XCBuildConfiguration;
			buildSettings = {
				ALWAYS_SEARCH_USER_PATHS = NO;
				CLANG_ANALYZER_NONNULL = YES;
				CLANG_ANALYZER_NUMBER_OBJECT_CONVERSION = YES_AGGRESSIVE;
				CLANG_CXX_LANGUAGE_STANDARD = "gnu++20";
				CLANG_ENABLE_MODULES = YES;
				CLANG_ENABLE_OBJC_ARC = YES;
				CLANG_ENABLE_OBJC_WEAK = YES;
				CLANG_WARN_BLOCK_CAPTURE_AUTORELEASING = YES;
				CLANG_WARN_BOOL_CONVERSION = YES;
				CLANG_WARN_COMMA = YES;
				CLANG_WARN_CONSTANT_CONVERSION = YES;
				CLANG_WARN_DEPRECATED_OBJC_IMPLEMENTATIONS = YES;
				CLANG_WARN_DIRECT_OBJC_ISA_USAGE = YES_ERROR;
				CLANG_WARN_DOCUMENTATION_COMMENTS = YES;
				CLANG_WARN_EMPTY_BODY = YES;
				CLANG_WARN_ENUM_CONVERSION = YES;
				CLANG_WARN_INFINITE_RECURSION = YES;
				CLANG_WARN_INT_CONVERSION = YES;
				CLANG_WARN_NON_LITERAL_NULL_CONVERSION = YES;
				CLANG_WARN_OBJC_IMPLICIT_RETAIN_SELF = YES;
				CLANG_WARN_OBJC_LITERAL_CONVERSION = YES;
				CLANG_WARN_OBJC_ROOT_CLASS = YES_ERROR;
				CLANG_WARN_QUOTED_INCLUDE_IN_FRAMEWORK_HEADER = YES;
				CLANG_WARN_RANGE_LOOP_ANALYSIS = YES;
				CLANG_WARN_STRICT_PROTOTYPES = YES;
				CLANG_WARN_SUSPICIOUS_MOVE = YES;
				CLANG_WARN_UNGUARDED_AVAILABILITY = YES_AGGRESSIVE;
				CLANG_WARN_UNREACHABLE_CODE = YES;
				CLANG_WARN__DUPLICATE_METHOD_MATCH = YES;
				COPY_PHASE_STRIP = NO;
				DEBUG_INFORMATION_FORMAT = "dwarf-with-dsym";
				ENABLE_NS_ASSERTIONS = NO;
				ENABLE_STRICT_OBJC_MSGSEND = YES;
				GCC_C_LANGUAGE_STANDARD = gnu11;
				GCC_NO_COMMON_BLOCKS = YES;
				GCC_WARN_64_TO_32_BIT_CONVERSION = YES;
				GCC_WARN_ABOUT_RETURN_TYPE = YES_ERROR;
				GCC_WARN_UNDECLARED_SELECTOR = YES;
				GCC_WARN_UNINITIALIZED_AUTOS = YES_AGGRESSIVE;
				GCC_WARN_UNUSED_FUNCTION = YES;
				GCC_WARN_UNUSED_VARIABLE = YES;
				IPHONEOS_DEPLOYMENT_TARGET = 16.4;
				MTL_ENABLE_DEBUG_INFO = NO;
				MTL_FAST_MATH = YES;
				SDKROOT = iphoneos;
				SWIFT_COMPILATION_MODE = wholemodule;
				SWIFT_OPTIMIZATION_LEVEL = "-O";
				VALIDATE_PRODUCT = YES;
			};
			name = Release;
		};
		02C43D1C29DBA70D0009E194 /* Debug */ = {
			isa = XCBuildConfiguration;
			baseConfigurationReference = 0339BDC752897DCC9BD4B623 /* Pods-OCTranspoBusSchedule.debug.xcconfig */;
			buildSettings = {
				ASSETCATALOG_COMPILER_APPICON_NAME = AppIcon;
				ASSETCATALOG_COMPILER_GLOBAL_ACCENT_COLOR_NAME = AccentColor;
				CODE_SIGN_STYLE = Automatic;
				CURRENT_PROJECT_VERSION = 1;
				DEVELOPMENT_ASSET_PATHS = "\"OCTranspoBusSchedule/Preview Content\"";
				DEVELOPMENT_TEAM = CTHLPHBM93;
				ENABLE_PREVIEWS = YES;
				GENERATE_INFOPLIST_FILE = YES;
				INFOPLIST_FILE = OCTranspoBusSchedule/Info.plist;
				INFOPLIST_KEY_NSLocationAlwaysAndWhenInUseUsageDescription = "To provide real-time bus schedule updates and notifications for nearby bus stops.";
				INFOPLIST_KEY_NSLocationWhenInUseUsageDescription = "To show nearby bus stops and provide real-time bus schedule updates.";
				INFOPLIST_KEY_UIApplicationSceneManifest_Generation = YES;
				INFOPLIST_KEY_UIApplicationSupportsIndirectInputEvents = YES;
				INFOPLIST_KEY_UILaunchScreen_Generation = YES;
				INFOPLIST_KEY_UISupportedInterfaceOrientations_iPhone = "UIInterfaceOrientationPortrait UIInterfaceOrientationLandscapeLeft UIInterfaceOrientationLandscapeRight";
				IPHONEOS_DEPLOYMENT_TARGET = 16.2;
				LD_RUNPATH_SEARCH_PATHS = (
					"$(inherited)",
					"@executable_path/Frameworks",
				);
				MARKETING_VERSION = 1.0;
				PRODUCT_BUNDLE_IDENTIFIER = Sabateesh.OCTranspoBusSchedule;
				PRODUCT_NAME = "$(TARGET_NAME)";
				SWIFT_EMIT_LOC_STRINGS = YES;
				SWIFT_VERSION = 5.0;
				TARGETED_DEVICE_FAMILY = "1,2";
			};
			name = Debug;
		};
		02C43D1D29DBA70D0009E194 /* Release */ = {
			isa = XCBuildConfiguration;
			baseConfigurationReference = 19499D908AC7A17CB7A3DA6F /* Pods-OCTranspoBusSchedule.release.xcconfig */;
			buildSettings = {
				ASSETCATALOG_COMPILER_APPICON_NAME = AppIcon;
				ASSETCATALOG_COMPILER_GLOBAL_ACCENT_COLOR_NAME = AccentColor;
				CODE_SIGN_STYLE = Automatic;
				CURRENT_PROJECT_VERSION = 1;
				DEVELOPMENT_ASSET_PATHS = "\"OCTranspoBusSchedule/Preview Content\"";
				DEVELOPMENT_TEAM = CTHLPHBM93;
				ENABLE_PREVIEWS = YES;
				GENERATE_INFOPLIST_FILE = YES;
				INFOPLIST_FILE = OCTranspoBusSchedule/Info.plist;
				INFOPLIST_KEY_NSLocationAlwaysAndWhenInUseUsageDescription = "To provide real-time bus schedule updates and notifications for nearby bus stops.";
				INFOPLIST_KEY_NSLocationWhenInUseUsageDescription = "To show nearby bus stops and provide real-time bus schedule updates.";
				INFOPLIST_KEY_UIApplicationSceneManifest_Generation = YES;
				INFOPLIST_KEY_UIApplicationSupportsIndirectInputEvents = YES;
				INFOPLIST_KEY_UILaunchScreen_Generation = YES;
				INFOPLIST_KEY_UISupportedInterfaceOrientations_iPhone = "UIInterfaceOrientationPortrait UIInterfaceOrientationLandscapeLeft UIInterfaceOrientationLandscapeRight";
				IPHONEOS_DEPLOYMENT_TARGET = 16.2;
				LD_RUNPATH_SEARCH_PATHS = (
					"$(inherited)",
					"@executable_path/Frameworks",
				);
				MARKETING_VERSION = 1.0;
				PRODUCT_BUNDLE_IDENTIFIER = Sabateesh.OCTranspoBusSchedule;
				PRODUCT_NAME = "$(TARGET_NAME)";
				SWIFT_EMIT_LOC_STRINGS = YES;
				SWIFT_VERSION = 5.0;
				TARGETED_DEVICE_FAMILY = "1,2";
			};
			name = Release;
		};
		02C43D1F29DBA70D0009E194 /* Debug */ = {
			isa = XCBuildConfiguration;
			baseConfigurationReference = F7C908480A54C017307B4F06 /* Pods-OCTranspoBusScheduleTests.debug.xcconfig */;
			buildSettings = {
				ALWAYS_EMBED_SWIFT_STANDARD_LIBRARIES = YES;
				BUNDLE_LOADER = "$(TEST_HOST)";
				CODE_SIGN_STYLE = Automatic;
				CURRENT_PROJECT_VERSION = 1;
				GENERATE_INFOPLIST_FILE = YES;
				IPHONEOS_DEPLOYMENT_TARGET = 16.4;
				MARKETING_VERSION = 1.0;
				PRODUCT_BUNDLE_IDENTIFIER = Sabateesh.OCTranspoBusScheduleTests;
				PRODUCT_NAME = "$(TARGET_NAME)";
				SWIFT_EMIT_LOC_STRINGS = NO;
				SWIFT_VERSION = 5.0;
				TARGETED_DEVICE_FAMILY = "1,2";
				TEST_HOST = "$(BUILT_PRODUCTS_DIR)/OCTranspoBusSchedule.app/$(BUNDLE_EXECUTABLE_FOLDER_PATH)/OCTranspoBusSchedule";
			};
			name = Debug;
		};
		02C43D2029DBA70D0009E194 /* Release */ = {
			isa = XCBuildConfiguration;
			baseConfigurationReference = E7BCC739C427E64E9BE4512F /* Pods-OCTranspoBusScheduleTests.release.xcconfig */;
			buildSettings = {
				ALWAYS_EMBED_SWIFT_STANDARD_LIBRARIES = YES;
				BUNDLE_LOADER = "$(TEST_HOST)";
				CODE_SIGN_STYLE = Automatic;
				CURRENT_PROJECT_VERSION = 1;
				GENERATE_INFOPLIST_FILE = YES;
				IPHONEOS_DEPLOYMENT_TARGET = 16.4;
				MARKETING_VERSION = 1.0;
				PRODUCT_BUNDLE_IDENTIFIER = Sabateesh.OCTranspoBusScheduleTests;
				PRODUCT_NAME = "$(TARGET_NAME)";
				SWIFT_EMIT_LOC_STRINGS = NO;
				SWIFT_VERSION = 5.0;
				TARGETED_DEVICE_FAMILY = "1,2";
				TEST_HOST = "$(BUILT_PRODUCTS_DIR)/OCTranspoBusSchedule.app/$(BUNDLE_EXECUTABLE_FOLDER_PATH)/OCTranspoBusSchedule";
			};
			name = Release;
		};
		02C43D2229DBA70D0009E194 /* Debug */ = {
			isa = XCBuildConfiguration;
			baseConfigurationReference = 59825D516D548D1D8B58C3BA /* Pods-OCTranspoBusSchedule-OCTranspoBusScheduleUITests.debug.xcconfig */;
			buildSettings = {
				ALWAYS_EMBED_SWIFT_STANDARD_LIBRARIES = YES;
				CODE_SIGN_STYLE = Automatic;
				CURRENT_PROJECT_VERSION = 1;
				GENERATE_INFOPLIST_FILE = YES;
				MARKETING_VERSION = 1.0;
				PRODUCT_BUNDLE_IDENTIFIER = Sabateesh.OCTranspoBusScheduleUITests;
				PRODUCT_NAME = "$(TARGET_NAME)";
				SWIFT_EMIT_LOC_STRINGS = NO;
				SWIFT_VERSION = 5.0;
				TARGETED_DEVICE_FAMILY = "1,2";
				TEST_TARGET_NAME = OCTranspoBusSchedule;
			};
			name = Debug;
		};
		02C43D2329DBA70D0009E194 /* Release */ = {
			isa = XCBuildConfiguration;
			baseConfigurationReference = E6A4F1E4011B2DD6D4E68162 /* Pods-OCTranspoBusSchedule-OCTranspoBusScheduleUITests.release.xcconfig */;
			buildSettings = {
				ALWAYS_EMBED_SWIFT_STANDARD_LIBRARIES = YES;
				CODE_SIGN_STYLE = Automatic;
				CURRENT_PROJECT_VERSION = 1;
				GENERATE_INFOPLIST_FILE = YES;
				MARKETING_VERSION = 1.0;
				PRODUCT_BUNDLE_IDENTIFIER = Sabateesh.OCTranspoBusScheduleUITests;
				PRODUCT_NAME = "$(TARGET_NAME)";
				SWIFT_EMIT_LOC_STRINGS = NO;
				SWIFT_VERSION = 5.0;
				TARGETED_DEVICE_FAMILY = "1,2";
				TEST_TARGET_NAME = OCTranspoBusSchedule;
			};
			name = Release;
		};
/* End XCBuildConfiguration section */

/* Begin XCConfigurationList section */
		02C43CF229DBA70C0009E194 /* Build configuration list for PBXProject "OCTranspoBusSchedule" */ = {
			isa = XCConfigurationList;
			buildConfigurations = (
				02C43D1929DBA70D0009E194 /* Debug */,
				02C43D1A29DBA70D0009E194 /* Release */,
			);
			defaultConfigurationIsVisible = 0;
			defaultConfigurationName = Release;
		};
		02C43D1B29DBA70D0009E194 /* Build configuration list for PBXNativeTarget "OCTranspoBusSchedule" */ = {
			isa = XCConfigurationList;
			buildConfigurations = (
				02C43D1C29DBA70D0009E194 /* Debug */,
				02C43D1D29DBA70D0009E194 /* Release */,
			);
			defaultConfigurationIsVisible = 0;
			defaultConfigurationName = Release;
		};
		02C43D1E29DBA70D0009E194 /* Build configuration list for PBXNativeTarget "OCTranspoBusScheduleTests" */ = {
			isa = XCConfigurationList;
			buildConfigurations = (
				02C43D1F29DBA70D0009E194 /* Debug */,
				02C43D2029DBA70D0009E194 /* Release */,
			);
			defaultConfigurationIsVisible = 0;
			defaultConfigurationName = Release;
		};
		02C43D2129DBA70D0009E194 /* Build configuration list for PBXNativeTarget "OCTranspoBusScheduleUITests" */ = {
			isa = XCConfigurationList;
			buildConfigurations = (
				02C43D2229DBA70D0009E194 /* Debug */,
				02C43D2329DBA70D0009E194 /* Release */,
			);
			defaultConfigurationIsVisible = 0;
			defaultConfigurationName = Release;
		};
/* End XCConfigurationList section */
	};
	rootObject = 02C43CEF29DBA70C0009E194 /* Project object */;
}
