// !$*UTF8*$!
{
	archiveVersion = 1;
	classes = {
	};
	objectVersion = 77;
	objects = {

/* Begin PBXBuildFile section */
		6B1A2C000000000000000021 /* OCTranspoWidget.appex in Embed Foundation Extensions */ = {isa = PBXBuildFile; fileRef = 6B1A2C000000000000000010 /* OCTranspoWidget.appex */; settings = {ATTRIBUTES = (RemoveHeadersOnCopy, ); }; };
/* End PBXBuildFile section */

/* Begin PBXContainerItemProxy section */
		6B1A2C000000000000000022 /* PBXContainerItemProxy */ = {
			isa = PBXContainerItemProxy;
			containerPortal = 6B1A2C000000000000000009 /* Project object */;
			proxyType = 1;
			remoteGlobalIDString = 6B1A2C000000000000000016;
			remoteInfo = OCTranspoWidget;
		};
/* End PBXContainerItemProxy section */

/* Begin PBXCopyFilesBuildPhase section */
		6B1A2C000000000000000020 /* Embed Foundation Extensions */ = {
			isa = PBXCopyFilesBuildPhase;
			buildActionMask = 2147483647;
			dstPath = "";
			dstSubfolderSpec = 13;
			files = (
				6B1A2C000000000000000021 /* OCTranspoWidget.appex in Embed Foundation Extensions */,
			);
			name = "Embed Foundation Extensions";
			runOnlyForDeploymentPostprocessing = 0;
		};
/* End PBXCopyFilesBuildPhase section */

/* Begin PBXFileReference section */
		6B1A2C000000000000000001 /* OCTranspo.app */ = {isa = PBXFileReference; explicitFileType = wrapper.application; includeInIndex = 0; path = OCTranspo.app; sourceTree = BUILT_PRODUCTS_DIR; };
		6B1A2C000000000000000010 /* OCTranspoWidget.appex */ = {isa = PBXFileReference; explicitFileType = "wrapper.app-extension"; includeInIndex = 0; path = OCTranspoWidget.appex; sourceTree = BUILT_PRODUCTS_DIR; };
		6B1A2C000000000000000031 /* OCTranspo.entitlements */ = {isa = PBXFileReference; lastKnownFileType = text.plist.entitlements; path = OCTranspo.entitlements; sourceTree = "<group>"; };
		6B1A2C000000000000000032 /* Widget.entitlements */ = {isa = PBXFileReference; lastKnownFileType = text.plist.entitlements; path = Widget.entitlements; sourceTree = "<group>"; };
		6B1A2C000000000000000033 /* Widget-Info.plist */ = {isa = PBXFileReference; lastKnownFileType = text.plist.xml; path = "Widget-Info.plist"; sourceTree = "<group>"; };
/* End PBXFileReference section */

/* Begin PBXFileSystemSynchronizedRootGroup section */
		6B1A2C000000000000000002 /* OCTranspo */ = {
			isa = PBXFileSystemSynchronizedRootGroup;
			path = OCTranspo;
			sourceTree = "<group>";
		};
		6B1A2C000000000000000011 /* Shared */ = {
			isa = PBXFileSystemSynchronizedRootGroup;
			path = Shared;
			sourceTree = "<group>";
		};
		6B1A2C000000000000000012 /* Widget */ = {
			isa = PBXFileSystemSynchronizedRootGroup;
			path = Widget;
			sourceTree = "<group>";
		};
/* End PBXFileSystemSynchronizedRootGroup section */

/* Begin PBXFrameworksBuildPhase section */
		6B1A2C000000000000000003 /* Frameworks */ = {
			isa = PBXFrameworksBuildPhase;
			buildActionMask = 2147483647;
			files = (
			);
			runOnlyForDeploymentPostprocessing = 0;
		};
		6B1A2C000000000000000013 /* Frameworks */ = {
			isa = PBXFrameworksBuildPhase;
			buildActionMask = 2147483647;
			files = (
			);
			runOnlyForDeploymentPostprocessing = 0;
		};
/* End PBXFrameworksBuildPhase section */

/* Begin PBXGroup section */
		6B1A2C000000000000000004 = {
			isa = PBXGroup;
			children = (
				6B1A2C000000000000000002 /* OCTranspo */,
				6B1A2C000000000000000011 /* Shared */,
				6B1A2C000000000000000012 /* Widget */,
				6B1A2C000000000000000030 /* Config */,
				6B1A2C000000000000000005 /* Products */,
			);
			sourceTree = "<group>";
		};
		6B1A2C000000000000000005 /* Products */ = {
			isa = PBXGroup;
			children = (
				6B1A2C000000000000000001 /* OCTranspo.app */,
				6B1A2C000000000000000010 /* OCTranspoWidget.appex */,
			);
			name = Products;
			sourceTree = "<group>";
		};
		6B1A2C000000000000000030 /* Config */ = {
			isa = PBXGroup;
			children = (
				6B1A2C000000000000000031 /* OCTranspo.entitlements */,
				6B1A2C000000000000000032 /* Widget.entitlements */,
				6B1A2C000000000000000033 /* Widget-Info.plist */,
			);
			path = Config;
			sourceTree = "<group>";
		};
/* End PBXGroup section */

/* Begin PBXNativeTarget section */
		6B1A2C000000000000000006 /* OCTranspo */ = {
			isa = PBXNativeTarget;
			buildConfigurationList = 6B1A2C00000000000000000A /* Build configuration list for PBXNativeTarget "OCTranspo" */;
			buildPhases = (
				6B1A2C000000000000000007 /* Sources */,
				6B1A2C000000000000000003 /* Frameworks */,
				6B1A2C000000000000000008 /* Resources */,
				6B1A2C000000000000000020 /* Embed Foundation Extensions */,
			);
			buildRules = (
			);
			dependencies = (
				6B1A2C000000000000000023 /* PBXTargetDependency */,
			);
			fileSystemSynchronizedGroups = (
				6B1A2C000000000000000002 /* OCTranspo */,
				6B1A2C000000000000000011 /* Shared */,
			);
			name = OCTranspo;
			packageProductDependencies = (
			);
			productName = OCTranspo;
			productReference = 6B1A2C000000000000000001 /* OCTranspo.app */;
			productType = "com.apple.product-type.application";
		};
		6B1A2C000000000000000016 /* OCTranspoWidget */ = {
			isa = PBXNativeTarget;
			buildConfigurationList = 6B1A2C000000000000000019 /* Build configuration list for PBXNativeTarget "OCTranspoWidget" */;
			buildPhases = (
				6B1A2C000000000000000017 /* Sources */,
				6B1A2C000000000000000013 /* Frameworks */,
				6B1A2C000000000000000018 /* Resources */,
			);
			buildRules = (
			);
			dependencies = (
			);
			fileSystemSynchronizedGroups = (
				6B1A2C000000000000000011 /* Shared */,
				6B1A2C000000000000000012 /* Widget */,
			);
			name = OCTranspoWidget;
			packageProductDependencies = (
			);
			productName = OCTranspoWidget;
			productReference = 6B1A2C000000000000000010 /* OCTranspoWidget.appex */;
			productType = "com.apple.product-type.app-extension";
		};
/* End PBXNativeTarget section */

/* Begin PBXProject section */
		6B1A2C000000000000000009 /* Project object */ = {
			isa = PBXProject;
			attributes = {
				BuildIndependentTargetsInParallel = 1;
				LastSwiftUpdateCheck = 1600;
				LastUpgradeCheck = 1600;
				TargetAttributes = {
					6B1A2C000000000000000006 = {
						CreatedOnToolsVersion = 16.0;
					};
					6B1A2C000000000000000016 = {
						CreatedOnToolsVersion = 16.0;
					};
				};
			};
			buildConfigurationList = 6B1A2C00000000000000000B /* Build configuration list for PBXProject "OCTranspo" */;
			developmentRegion = en;
			hasScannedForEncodings = 0;
			knownRegions = (
				en,
				Base,
			);
			mainGroup = 6B1A2C000000000000000004;
			minimizedProjectReferenceProxies = 1;
			preferredProjectObjectVersion = 77;
			productRefGroup = 6B1A2C000000000000000005 /* Products */;
			projectDirPath = "";
			projectRoot = "";
			targets = (
				6B1A2C000000000000000006 /* OCTranspo */,
				6B1A2C000000000000000016 /* OCTranspoWidget */,
			);
		};
/* End PBXProject section */

/* Begin PBXResourcesBuildPhase section */
		6B1A2C000000000000000008 /* Resources */ = {
			isa = PBXResourcesBuildPhase;
			buildActionMask = 2147483647;
			files = (
			);
			runOnlyForDeploymentPostprocessing = 0;
		};
		6B1A2C000000000000000018 /* Resources */ = {
			isa = PBXResourcesBuildPhase;
			buildActionMask = 2147483647;
			files = (
			);
			runOnlyForDeploymentPostprocessing = 0;
		};
/* End PBXResourcesBuildPhase section */

/* Begin PBXSourcesBuildPhase section */
		6B1A2C000000000000000007 /* Sources */ = {
			isa = PBXSourcesBuildPhase;
			buildActionMask = 2147483647;
			files = (
			);
			runOnlyForDeploymentPostprocessing = 0;
		};
		6B1A2C000000000000000017 /* Sources */ = {
			isa = PBXSourcesBuildPhase;
			buildActionMask = 2147483647;
			files = (
			);
			runOnlyForDeploymentPostprocessing = 0;
		};
/* End PBXSourcesBuildPhase section */

/* Begin PBXTargetDependency section */
		6B1A2C000000000000000023 /* PBXTargetDependency */ = {
			isa = PBXTargetDependency;
			target = 6B1A2C000000000000000016 /* OCTranspoWidget */;
			targetProxy = 6B1A2C000000000000000022 /* PBXContainerItemProxy */;
		};
/* End PBXTargetDependency section */

/* Begin XCBuildConfiguration section */
		6B1A2C00000000000000000C /* Debug */ = {
			isa = XCBuildConfiguration;
			buildSettings = {
				ALWAYS_SEARCH_USER_PATHS = NO;
				ASSETCATALOG_COMPILER_GENERATE_SWIFT_ASSET_SYMBOL_EXTENSIONS = YES;
				CLANG_ENABLE_MODULES = YES;
				CLANG_ENABLE_OBJC_ARC = YES;
				COPY_PHASE_STRIP = NO;
				CURRENT_PROJECT_VERSION = 5;
				DEBUG_INFORMATION_FORMAT = dwarf;
				DEVELOPMENT_TEAM = CTHLPHBM93;
				ENABLE_STRICT_OBJC_MSGSEND = YES;
				ENABLE_TESTABILITY = YES;
				ENABLE_USER_SCRIPT_SANDBOXING = YES;
				GCC_OPTIMIZATION_LEVEL = 0;
				GCC_PREPROCESSOR_DEFINITIONS = (
					"DEBUG=1",
					"$(inherited)",
				);
				IPHONEOS_DEPLOYMENT_TARGET = 17.0;
				MARKETING_VERSION = 2.0;
				MTL_ENABLE_DEBUG_INFO = INCLUDE_SOURCE;
				ONLY_ACTIVE_ARCH = YES;
				SDKROOT = iphoneos;
				SWIFT_ACTIVE_COMPILATION_CONDITIONS = "DEBUG $(inherited)";
				SWIFT_OPTIMIZATION_LEVEL = "-Onone";
				SWIFT_VERSION = 5.0;
				TARGETED_DEVICE_FAMILY = "1,2";
			};
			name = Debug;
		};
		6B1A2C00000000000000000D /* Release */ = {
			isa = XCBuildConfiguration;
			buildSettings = {
				ALWAYS_SEARCH_USER_PATHS = NO;
				ASSETCATALOG_COMPILER_GENERATE_SWIFT_ASSET_SYMBOL_EXTENSIONS = YES;
				CLANG_ENABLE_MODULES = YES;
				CLANG_ENABLE_OBJC_ARC = YES;
				COPY_PHASE_STRIP = NO;
				CURRENT_PROJECT_VERSION = 5;
				DEBUG_INFORMATION_FORMAT = "dwarf-with-dsym";
				DEVELOPMENT_TEAM = CTHLPHBM93;
				ENABLE_NS_ASSERTIONS = NO;
				ENABLE_STRICT_OBJC_MSGSEND = YES;
				ENABLE_USER_SCRIPT_SANDBOXING = YES;
				IPHONEOS_DEPLOYMENT_TARGET = 17.0;
				MARKETING_VERSION = 2.0;
				MTL_ENABLE_DEBUG_INFO = NO;
				SDKROOT = iphoneos;
				SWIFT_COMPILATION_MODE = wholemodule;
				SWIFT_VERSION = 5.0;
				TARGETED_DEVICE_FAMILY = "1,2";
				VALIDATE_PRODUCT = YES;
			};
			name = Release;
		};
		6B1A2C00000000000000000E /* Debug */ = {
			isa = XCBuildConfiguration;
			buildSettings = {
				ASSETCATALOG_COMPILER_APPICON_NAME = AppIcon;
				ASSETCATALOG_COMPILER_GLOBAL_ACCENT_COLOR_NAME = AccentColor;
				CODE_SIGN_ENTITLEMENTS = Config/OCTranspo.entitlements;
				CODE_SIGN_STYLE = Automatic;
				GENERATE_INFOPLIST_FILE = YES;
				INFOPLIST_FILE = "Config/App-Info.plist";
				INFOPLIST_KEY_CFBundleDisplayName = "OC Transpo";
				INFOPLIST_KEY_LSApplicationCategoryType = "public.app-category.navigation";
				INFOPLIST_KEY_NSLocationWhenInUseUsageDescription = "Your location shows nearby buses, plans trips, and follows your active journey while the screen is locked.";
				INFOPLIST_KEY_UIApplicationSceneManifest_Generation = YES;
				INFOPLIST_KEY_UIApplicationSupportsIndirectInputEvents = YES;
				INFOPLIST_KEY_UILaunchScreen_Generation = YES;
				INFOPLIST_KEY_UISupportedInterfaceOrientations_iPad = "UIInterfaceOrientationPortrait UIInterfaceOrientationPortraitUpsideDown UIInterfaceOrientationLandscapeLeft UIInterfaceOrientationLandscapeRight";
				INFOPLIST_KEY_UISupportedInterfaceOrientations_iPhone = UIInterfaceOrientationPortrait;
				LD_RUNPATH_SEARCH_PATHS = (
					"$(inherited)",
					"@executable_path/Frameworks",
				);
				PRODUCT_BUNDLE_IDENTIFIER = Sabateesh.OCTranspoBusSchedule;
				PRODUCT_NAME = "$(TARGET_NAME)";
				SWIFT_EMIT_LOC_STRINGS = YES;
			};
			name = Debug;
		};
		6B1A2C00000000000000000F /* Release */ = {
			isa = XCBuildConfiguration;
			buildSettings = {
				ASSETCATALOG_COMPILER_APPICON_NAME = AppIcon;
				ASSETCATALOG_COMPILER_GLOBAL_ACCENT_COLOR_NAME = AccentColor;
				CODE_SIGN_ENTITLEMENTS = Config/OCTranspo.entitlements;
				CODE_SIGN_STYLE = Automatic;
				GENERATE_INFOPLIST_FILE = YES;
				INFOPLIST_FILE = "Config/App-Info.plist";
				INFOPLIST_KEY_CFBundleDisplayName = "OC Transpo";
				INFOPLIST_KEY_LSApplicationCategoryType = "public.app-category.navigation";
				INFOPLIST_KEY_NSLocationWhenInUseUsageDescription = "Your location shows nearby buses, plans trips, and follows your active journey while the screen is locked.";
				INFOPLIST_KEY_UIApplicationSceneManifest_Generation = YES;
				INFOPLIST_KEY_UIApplicationSupportsIndirectInputEvents = YES;
				INFOPLIST_KEY_UILaunchScreen_Generation = YES;
				INFOPLIST_KEY_UISupportedInterfaceOrientations_iPad = "UIInterfaceOrientationPortrait UIInterfaceOrientationPortraitUpsideDown UIInterfaceOrientationLandscapeLeft UIInterfaceOrientationLandscapeRight";
				INFOPLIST_KEY_UISupportedInterfaceOrientations_iPhone = UIInterfaceOrientationPortrait;
				LD_RUNPATH_SEARCH_PATHS = (
					"$(inherited)",
					"@executable_path/Frameworks",
				);
				PRODUCT_BUNDLE_IDENTIFIER = Sabateesh.OCTranspoBusSchedule;
				PRODUCT_NAME = "$(TARGET_NAME)";
				SWIFT_EMIT_LOC_STRINGS = YES;
			};
			name = Release;
		};
		6B1A2C000000000000000024 /* Debug */ = {
			isa = XCBuildConfiguration;
			buildSettings = {
				CODE_SIGN_ENTITLEMENTS = Config/Widget.entitlements;
				CODE_SIGN_STYLE = Automatic;
				GENERATE_INFOPLIST_FILE = YES;
				INFOPLIST_FILE = "Config/Widget-Info.plist";
				INFOPLIST_KEY_CFBundleDisplayName = "OC Transpo";
				LD_RUNPATH_SEARCH_PATHS = (
					"$(inherited)",
					"@executable_path/Frameworks",
					"@executable_path/../../Frameworks",
				);
				PRODUCT_BUNDLE_IDENTIFIER = Sabateesh.OCTranspoBusSchedule.Widget;
				PRODUCT_NAME = "$(TARGET_NAME)";
				SKIP_INSTALL = YES;
				SWIFT_ACTIVE_COMPILATION_CONDITIONS = "WIDGET_EXTENSION $(inherited)";
				SWIFT_EMIT_LOC_STRINGS = YES;
			};
			name = Debug;
		};
		6B1A2C000000000000000025 /* Release */ = {
			isa = XCBuildConfiguration;
			buildSettings = {
				CODE_SIGN_ENTITLEMENTS = Config/Widget.entitlements;
				CODE_SIGN_STYLE = Automatic;
				GENERATE_INFOPLIST_FILE = YES;
				INFOPLIST_FILE = "Config/Widget-Info.plist";
				INFOPLIST_KEY_CFBundleDisplayName = "OC Transpo";
				LD_RUNPATH_SEARCH_PATHS = (
					"$(inherited)",
					"@executable_path/Frameworks",
					"@executable_path/../../Frameworks",
				);
				PRODUCT_BUNDLE_IDENTIFIER = Sabateesh.OCTranspoBusSchedule.Widget;
				PRODUCT_NAME = "$(TARGET_NAME)";
				SKIP_INSTALL = YES;
				SWIFT_ACTIVE_COMPILATION_CONDITIONS = "WIDGET_EXTENSION $(inherited)";
				SWIFT_EMIT_LOC_STRINGS = YES;
			};
			name = Release;
		};
/* End XCBuildConfiguration section */

/* Begin XCConfigurationList section */
		6B1A2C00000000000000000A /* Build configuration list for PBXNativeTarget "OCTranspo" */ = {
			isa = XCConfigurationList;
			buildConfigurations = (
				6B1A2C00000000000000000E /* Debug */,
				6B1A2C00000000000000000F /* Release */,
			);
			defaultConfigurationIsVisible = 0;
			defaultConfigurationName = Release;
		};
		6B1A2C00000000000000000B /* Build configuration list for PBXProject "OCTranspo" */ = {
			isa = XCConfigurationList;
			buildConfigurations = (
				6B1A2C00000000000000000C /* Debug */,
				6B1A2C00000000000000000D /* Release */,
			);
			defaultConfigurationIsVisible = 0;
			defaultConfigurationName = Release;
		};
		6B1A2C000000000000000019 /* Build configuration list for PBXNativeTarget "OCTranspoWidget" */ = {
			isa = XCConfigurationList;
			buildConfigurations = (
				6B1A2C000000000000000024 /* Debug */,
				6B1A2C000000000000000025 /* Release */,
			);
			defaultConfigurationIsVisible = 0;
			defaultConfigurationName = Release;
		};
/* End XCConfigurationList section */
	};
	rootObject = 6B1A2C000000000000000009 /* Project object */;
}
